
Microsoft Visual Studio Solution File, Format Version 12.00
# Visual Studio 15
VisualStudioVersion = 15.0.28307.168
MinimumVisualStudioVersion = 10.0.40219.1
Project("{FAE04EC0-301F-11D3-BF4B-00C04F79EFBC}") = "DennisOdataDemos", "DennisOdataDemoes\DennisOdataDemos.csproj", "{2055D633-BC93-4CF4-B26C-6CEB2D795B75}"
EndProject
Project("{FAE04EC0-301F-11D3-BF4B-00C04F79EFBC}") = "ProductsApp", "ProductsApp\ProductsApp.csproj", "{4998BA41-2EED-46F5-85E9-E3BD13166DEA}"
EndProject
Global
	GlobalSection(SolutionConfigurationPlatforms) = preSolution
		Debug|Any CPU = Debug|Any CPU
		Release|Any CPU = Release|Any CPU
	EndGlobalSection
	GlobalSection(ProjectConfigurationPlatforms) = postSolution
		{2055D633-BC93-4CF4-B26C-6CEB2D795B75}.Debug|Any CPU.ActiveCfg = Debug|Any CPU
		{2055D633-BC93-4CF4-B26C-6CEB2D795B75}.Debug|Any CPU.Build.0 = Debug|Any CPU
		{2055D633-BC93-4CF4-B26C-6CEB2D795B75}.Release|Any CPU.ActiveCfg = Release|Any CPU
		{2055D633-BC93-4CF4-B26C-6CEB2D795B75}.Release|Any CPU.Build.0 = Release|Any CPU
		{4998BA41-2EED-46F5-85E9-E3BD13166DEA}.Debug|Any CPU.ActiveCfg = Debug|Any CPU
		{4998BA41-2EED-46F5-85E9-E3BD13166DEA}.Debug|Any CPU.Build.0 = Debug|Any CPU
		{4998BA41-2EED-46F5-85E9-E3BD13166DEA}.Release|Any CPU.ActiveCfg = Release|Any CPU
		{4998BA41-2EED-46F5-85E9-E3BD13166DEA}.Release|Any CPU.Build.0 = Release|Any CPU
	EndGlobalSection
	GlobalSection(SolutionProperties) = preSolution
		HideSolutionNode = FALSE
	EndGlobalSection
	GlobalSection(ExtensibilityGlobals) = postSolution
		SolutionGuid = {E3475A31-CB07-495C-A5BB-18A7B11CFA84}
	EndGlobalSection
EndGlobal
