
Microsoft Visual Studio Solution File, Format Version 12.00
# Visual Studio 14
VisualStudioVersion = 14.0.25420.1
MinimumVisualStudioVersion = 10.0.40219.1
Project("{FAE04EC0-301F-11D3-BF4B-00C04F79EFBC}") = "EFdemo_CodeFirst", "DennisEFDemoes_ConsoleApp\EFdemo_CodeFirst.csproj", "{AE746E97-6EE4-42CF-AB80-F3566DAF474F}"
EndProject
Project("{FAE04EC0-301F-11D3-BF4B-00C04F79EFBC}") = "EFdemo_AsyncQuery", "EFdemo_DBFirst_Console\EFdemo_AsyncQuery.csproj", "{5C5F47B1-7280-4ED8-9438-9E4D34391343}"
EndProject
Project("{FAE04EC0-301F-11D3-BF4B-00C04F79EFBC}") = "EFDemo_QueryWay", "EFDemo_3queryMethodDemo_Console\EFDemo_QueryWay.csproj", "{C6F13F71-B6A0-4F2F-A207-6101D29F2C07}"
EndProject
Project("{FAE04EC0-301F-11D3-BF4B-00C04F79EFBC}") = "EFDemo_MVC_EF6_WebApp", "EFDemo_MVC_EF6_WebApp\EFDemo_MVC_EF6_WebApp.csproj", "{47FD1238-CA32-41FD-A3C9-4232AEA10453}"
EndProject
Project("{FAE04EC0-301F-11D3-BF4B-00C04F79EFBC}") = "EFdemo_LoadMechanism", "EFdemo_LoadMechanism\EFdemo_LoadMechanism.csproj", "{70D2453B-0E87-4020-AE7D-1BA5E9DCA7B4}"
EndProject
Global
	GlobalSection(SolutionConfigurationPlatforms) = preSolution
		Debug|Any CPU = Debug|Any CPU
		Release|Any CPU = Release|Any CPU
	EndGlobalSection
	GlobalSection(ProjectConfigurationPlatforms) = postSolution
		{AE746E97-6EE4-42CF-AB80-F3566DAF474F}.Debug|Any CPU.ActiveCfg = Debug|Any CPU
		{AE746E97-6EE4-42CF-AB80-F3566DAF474F}.Debug|Any CPU.Build.0 = Debug|Any CPU
		{AE746E97-6EE4-42CF-AB80-F3566DAF474F}.Release|Any CPU.ActiveCfg = Release|Any CPU
		{AE746E97-6EE4-42CF-AB80-F3566DAF474F}.Release|Any CPU.Build.0 = Release|Any CPU
		{5C5F47B1-7280-4ED8-9438-9E4D34391343}.Debug|Any CPU.ActiveCfg = Debug|Any CPU
		{5C5F47B1-7280-4ED8-9438-9E4D34391343}.Debug|Any CPU.Build.0 = Debug|Any CPU
		{5C5F47B1-7280-4ED8-9438-9E4D34391343}.Release|Any CPU.ActiveCfg = Release|Any CPU
		{5C5F47B1-7280-4ED8-9438-9E4D34391343}.Release|Any CPU.Build.0 = Release|Any CPU
		{C6F13F71-B6A0-4F2F-A207-6101D29F2C07}.Debug|Any CPU.ActiveCfg = Debug|Any CPU
		{C6F13F71-B6A0-4F2F-A207-6101D29F2C07}.Debug|Any CPU.Build.0 = Debug|Any CPU
		{C6F13F71-B6A0-4F2F-A207-6101D29F2C07}.Release|Any CPU.ActiveCfg = Release|Any CPU
		{C6F13F71-B6A0-4F2F-A207-6101D29F2C07}.Release|Any CPU.Build.0 = Release|Any CPU
		{47FD1238-CA32-41FD-A3C9-4232AEA10453}.Debug|Any CPU.ActiveCfg = Debug|Any CPU
		{47FD1238-CA32-41FD-A3C9-4232AEA10453}.Debug|Any CPU.Build.0 = Debug|Any CPU
		{47FD1238-CA32-41FD-A3C9-4232AEA10453}.Release|Any CPU.ActiveCfg = Release|Any CPU
		{47FD1238-CA32-41FD-A3C9-4232AEA10453}.Release|Any CPU.Build.0 = Release|Any CPU
		{70D2453B-0E87-4020-AE7D-1BA5E9DCA7B4}.Debug|Any CPU.ActiveCfg = Debug|Any CPU
		{70D2453B-0E87-4020-AE7D-1BA5E9DCA7B4}.Debug|Any CPU.Build.0 = Debug|Any CPU
		{70D2453B-0E87-4020-AE7D-1BA5E9DCA7B4}.Release|Any CPU.ActiveCfg = Release|Any CPU
		{70D2453B-0E87-4020-AE7D-1BA5E9DCA7B4}.Release|Any CPU.Build.0 = Release|Any CPU
	EndGlobalSection
	GlobalSection(SolutionProperties) = preSolution
		HideSolutionNode = FALSE
	EndGlobalSection
	GlobalSection(ExtensibilityGlobals) = postSolution
		SolutionGuid = {1657244C-B5FE-425F-8CCB-F0B207ED9196}
	EndGlobalSection
EndGlobal
